// !$*UTF8*$!
{
	archiveVersion = 1;
	classes = {
	};
	objectVersion = 55;
	objects = {

/* Begin PBXBuildFile section */
		CB268BA0285A19DC00B16C3A /* PersistantStorage.swift in Sources */ = {isa = PBXBuildFile; fileRef = CB268B9F285A19DC00B16C3A /* PersistantStorage.swift */; };
		CB655F6628534E2600EBCABA /* AppDelegate.swift in Sources */ = {isa = PBXBuildFile; fileRef = CB655F6528534E2600EBCABA /* AppDelegate.swift */; };
		CB655F6828534E2600EBCABA /* SceneDelegate.swift in Sources */ = {isa = PBXBuildFile; fileRef = CB655F6728534E2600EBCABA /* SceneDelegate.swift */; };
		CB655F6A28534E2600EBCABA /* ViewController.swift in Sources */ = {isa = PBXBuildFile; fileRef = CB655F6928534E2600EBCABA /* ViewController.swift */; };
		CB655F6D28534E2600EBCABA /* Main.storyboard in Resources */ = {isa = PBXBuildFile; fileRef = CB655F6B28534E2600EBCABA /* Main.storyboard */; };
		CB655F6F28534E2700EBCABA /* Assets.xcassets in Resources */ = {isa = PBXBuildFile; fileRef = CB655F6E28534E2700EBCABA /* Assets.xcassets */; };
		CB655F7228534E2700EBCABA /* LaunchScreen.storyboard in Resources */ = {isa = PBXBuildFile; fileRef = CB655F7028534E2700EBCABA /* LaunchScreen.storyboard */; };
		CB655F7E2856A43B00EBCABA /* RegionsListViewController.swift in Sources */ = {isa = PBXBuildFile; fileRef = CB655F7D2856A43B00EBCABA /* RegionsListViewController.swift */; };
		CBE711EF2868EE36008F51C4 /* RegionViewController.swift in Sources */ = {isa = PBXBuildFile; fileRef = CBE711EE2868EE36008F51C4 /* RegionViewController.swift */; };
		CBE711F1286915A8008F51C4 /* EventRecord.swift in Sources */ = {isa = PBXBuildFile; fileRef = CBE711F0286915A8008F51C4 /* EventRecord.swift */; };
		CBE711F3286920FD008F51C4 /* EventsTableViewController.swift in Sources */ = {isa = PBXBuildFile; fileRef = CBE711F2286920FD008F51C4 /* EventsTableViewController.swift */; };
/* End PBXBuildFile section */

/* Begin PBXFileReference section */
		CB268B9F285A19DC00B16C3A /* PersistantStorage.swift */ = {isa = PBXFileReference; lastKnownFileType = sourcecode.swift; path = PersistantStorage.swift; sourceTree = "<group>"; };
		CB655F6228534E2600EBCABA /* GeofenceTester.app */ = {isa = PBXFileReference; explicitFileType = wrapper.application; includeInIndex = 0; path = GeofenceTester.app; sourceTree = BUILT_PRODUCTS_DIR; };
		CB655F6528534E2600EBCABA /* AppDelegate.swift */ = {isa = PBXFileReference; lastKnownFileType = sourcecode.swift; path = AppDelegate.swift; sourceTree = "<group>"; };
		CB655F6728534E2600EBCABA /* SceneDelegate.swift */ = {isa = PBXFileReference; lastKnownFileType = sourcecode.swift; path = SceneDelegate.swift; sourceTree = "<group>"; };
		CB655F6928534E2600EBCABA /* ViewController.swift */ = {isa = PBXFileReference; lastKnownFileType = sourcecode.swift; path = ViewController.swift; sourceTree = "<group>"; };
		CB655F6C28534E2600EBCABA /* Base */ = {isa = PBXFileReference; lastKnownFileType = file.storyboard; name = Base; path = Base.lproj/Main.storyboard; sourceTree = "<group>"; };
		CB655F6E28534E2700EBCABA /* Assets.xcassets */ = {isa = PBXFileReference; lastKnownFileType = folder.assetcatalog; path = Assets.xcassets; sourceTree = "<group>"; };
		CB655F7128534E2700EBCABA /* Base */ = {isa = PBXFileReference; lastKnownFileType = file.storyboard; name = Base; path = Base.lproj/LaunchScreen.storyboard; sourceTree = "<group>"; };
		CB655F7328534E2700EBCABA /* Info.plist */ = {isa = PBXFileReference; lastKnownFileType = text.plist.xml; path = Info.plist; sourceTree = "<group>"; };
		CB655F7D2856A43B00EBCABA /* RegionsListViewController.swift */ = {isa = PBXFileReference; lastKnownFileType = sourcecode.swift; path = RegionsListViewController.swift; sourceTree = "<group>"; };
		CBE711EE2868EE36008F51C4 /* RegionViewController.swift */ = {isa = PBXFileReference; lastKnownFileType = sourcecode.swift; path = RegionViewController.swift; sourceTree = "<group>"; };
		CBE711F0286915A8008F51C4 /* EventRecord.swift */ = {isa = PBXFileReference; lastKnownFileType = sourcecode.swift; path = EventRecord.swift; sourceTree = "<group>"; };
		CBE711F2286920FD008F51C4 /* EventsTableViewController.swift */ = {isa = PBXFileReference; lastKnownFileType = sourcecode.swift; path = EventsTableViewController.swift; sourceTree = "<group>"; };
/* End PBXFileReference section */

/* Begin PBXFrameworksBuildPhase section */
		CB655F5F28534E2600EBCABA /* Frameworks */ = {
			isa = PBXFrameworksBuildPhase;
			buildActionMask = 2147483647;
			files = (
			);
			runOnlyForDeploymentPostprocessing = 0;
		};
/* End PBXFrameworksBuildPhase section */

/* Begin PBXGroup section */
		CB655F5928534E2600EBCABA = {
			isa = PBXGroup;
			children = (
				CB655F6428534E2600EBCABA /* GeofenceTester */,
				CB655F6328534E2600EBCABA /* Products */,
			);
			sourceTree = "<group>";
		};
		CB655F6328534E2600EBCABA /* Products */ = {
			isa = PBXGroup;
			children = (
				CB655F6228534E2600EBCABA /* GeofenceTester.app */,
			);
			name = Products;
			sourceTree = "<group>";
		};
		CB655F6428534E2600EBCABA /* GeofenceTester */ = {
			isa = PBXGroup;
			children = (
				CB655F6528534E2600EBCABA /* AppDelegate.swift */,
				CB655F6728534E2600EBCABA /* SceneDelegate.swift */,
				CB655F6928534E2600EBCABA /* ViewController.swift */,
				CB655F7D2856A43B00EBCABA /* RegionsListViewController.swift */,
				CBE711EE2868EE36008F51C4 /* RegionViewController.swift */,
				CBE711F2286920FD008F51C4 /* EventsTableViewController.swift */,
				CBE711F0286915A8008F51C4 /* EventRecord.swift */,
				CB268B9F285A19DC00B16C3A /* PersistantStorage.swift */,
				CB655F6B28534E2600EBCABA /* Main.storyboard */,
				CB655F6E28534E2700EBCABA /* Assets.xcassets */,
				CB655F7028534E2700EBCABA /* LaunchScreen.storyboard */,
				CB655F7328534E2700EBCABA /* Info.plist */,
			);
			path = GeofenceTester;
			sourceTree = "<group>";
		};
/* End PBXGroup section */

/* Begin PBXNativeTarget section */
		CB655F6128534E2600EBCABA /* GeofenceTester */ = {
			isa = PBXNativeTarget;
			buildConfigurationList = CB655F7628534E2700EBCABA /* Build configuration list for PBXNativeTarget "GeofenceTester" */;
			buildPhases = (
				CB655F5E28534E2600EBCABA /* Sources */,
				CB655F5F28534E2600EBCABA /* Frameworks */,
				CB655F6028534E2600EBCABA /* Resources */,
			);
			buildRules = (
			);
			dependencies = (
			);
			name = GeofenceTester;
			productName = GeofenceTester;
			productReference = CB655F6228534E2600EBCABA /* GeofenceTester.app */;
			productType = "com.apple.product-type.application";
		};
/* End PBXNativeTarget section */

/* Begin PBXProject section */
		CB655F5A28534E2600EBCABA /* Project object */ = {
			isa = PBXProject;
			attributes = {
				BuildIndependentTargetsInParallel = 1;
				LastSwiftUpdateCheck = 1340;
				LastUpgradeCheck = 1340;
				TargetAttributes = {
					CB655F6128534E2600EBCABA = {
						CreatedOnToolsVersion = 13.4.1;
					};
				};
			};
			buildConfigurationList = CB655F5D28534E2600EBCABA /* Build configuration list for PBXProject "GeofenceTester" */;
			compatibilityVersion = "Xcode 13.0";
			developmentRegion = en;
			hasScannedForEncodings = 0;
			knownRegions = (
				en,
				Base,
			);
			mainGroup = CB655F5928534E2600EBCABA;
			productRefGroup = CB655F6328534E2600EBCABA /* Products */;
			projectDirPath = "";
			projectRoot = "";
			targets = (
				CB655F6128534E2600EBCABA /* GeofenceTester */,
			);
		};
/* End PBXProject section */

/* Begin PBXResourcesBuildPhase section */
		CB655F6028534E2600EBCABA /* Resources */ = {
			isa = PBXResourcesBuildPhase;
			buildActionMask = 2147483647;
			files = (
				CB655F7228534E2700EBCABA /* LaunchScreen.storyboard in Resources */,
				CB655F6F28534E2700EBCABA /* Assets.xcassets in Resources */,
				CB655F6D28534E2600EBCABA /* Main.storyboard in Resources */,
			);
			runOnlyForDeploymentPostprocessing = 0;
		};
/* End PBXResourcesBuildPhase section */

/* Begin PBXSourcesBuildPhase section */
		CB655F5E28534E2600EBCABA /* Sources */ = {
			isa = PBXSourcesBuildPhase;
			buildActionMask = 2147483647;
			files = (
				CB655F6A28534E2600EBCABA /* ViewController.swift in Sources */,
				CBE711F1286915A8008F51C4 /* EventRecord.swift in Sources */,
				CB655F6628534E2600EBCABA /* AppDelegate.swift in Sources */,
				CBE711EF2868EE36008F51C4 /* RegionViewController.swift in Sources */,
				CB655F6828534E2600EBCABA /* SceneDelegate.swift in Sources */,
				CB655F7E2856A43B00EBCABA /* RegionsListViewController.swift in Sources */,
				CBE711F3286920FD008F51C4 /* EventsTableViewController.swift in Sources */,
				CB268BA0285A19DC00B16C3A /* PersistantStorage.swift in Sources */,
			);
			runOnlyForDeploymentPostprocessing = 0;
		};
/* End PBXSourcesBuildPhase section */

/* Begin PBXVariantGroup section */
		CB655F6B28534E2600EBCABA /* Main.storyboard */ = {
			isa = PBXVariantGroup;
			children = (
				CB655F6C28534E2600EBCABA /* Base */,
			);
			name = Main.storyboard;
			sourceTree = "<group>";
		};
		CB655F7028534E2700EBCABA /* LaunchScreen.storyboard */ = {
			isa = PBXVariantGroup;
			children = (
				CB655F7128534E2700EBCABA /* Base */,
			);
			name = LaunchScreen.storyboard;
			sourceTree = "<group>";
		};
/* End PBXVariantGroup section */

/* Begin XCBuildConfiguration section */
		CB655F7428534E2700EBCABA /* Debug */ = {
			isa = XCBuildConfiguration;
			buildSettings = {
				ALWAYS_SEARCH_USER_PATHS = NO;
				CLANG_ANALYZER_NONNULL = YES;
				CLANG_ANALYZER_NUMBER_OBJECT_CONVERSION = YES_AGGRESSIVE;
				CLANG_CXX_LANGUAGE_STANDARD = "gnu++17";
				CLANG_ENABLE_MODULES = YES;
				CLANG_ENABLE_OBJC_ARC = YES;
				CLANG_ENABLE_OBJC_WEAK = YES;
				CLANG_WARN_BLOCK_CAPTURE_AUTORELEASING = YES;
				CLANG_WARN_BOOL_CONVERSION = YES;
				CLANG_WARN_COMMA = YES;
				CLANG_WARN_CONSTANT_CONVERSION = YES;
				CLANG_WARN_DEPRECATED_OBJC_IMPLEMENTATIONS = YES;
				CLANG_WARN_DIRECT_OBJC_ISA_USAGE = YES_ERROR;
				CLANG_WARN_DOCUMENTATION_COMMENTS = YES;
				CLANG_WARN_EMPTY_BODY = YES;
				CLANG_WARN_ENUM_CONVERSION = YES;
				CLANG_WARN_INFINITE_RECURSION = YES;
				CLANG_WARN_INT_CONVERSION = YES;
				CLANG_WARN_NON_LITERAL_NULL_CONVERSION = YES;
				CLANG_WARN_OBJC_IMPLICIT_RETAIN_SELF = YES;
				CLANG_WARN_OBJC_LITERAL_CONVERSION = YES;
				CLANG_WARN_OBJC_ROOT_CLASS = YES_ERROR;
				CLANG_WARN_QUOTED_INCLUDE_IN_FRAMEWORK_HEADER = YES;
				CLANG_WARN_RANGE_LOOP_ANALYSIS = YES;
				CLANG_WARN_STRICT_PROTOTYPES = YES;
				CLANG_WARN_SUSPICIOUS_MOVE = YES;
				CLANG_WARN_UNGUARDED_AVAILABILITY = YES_AGGRESSIVE;
				CLANG_WARN_UNREACHABLE_CODE = YES;
				CLANG_WARN__DUPLICATE_METHOD_MATCH = YES;
				COPY_PHASE_STRIP = NO;
				DEBUG_INFORMATION_FORMAT = dwarf;
				ENABLE_STRICT_OBJC_MSGSEND = YES;
				ENABLE_TESTABILITY = YES;
				GCC_C_LANGUAGE_STANDARD = gnu11;
				GCC_DYNAMIC_NO_PIC = NO;
				GCC_NO_COMMON_BLOCKS = YES;
				GCC_OPTIMIZATION_LEVEL = 0;
				GCC_PREPROCESSOR_DEFINITIONS = (
					"DEBUG=1",
					"$(inherited)",
				);
				GCC_WARN_64_TO_32_BIT_CONVERSION = YES;
				GCC_WARN_ABOUT_RETURN_TYPE = YES_ERROR;
				GCC_WARN_UNDECLARED_SELECTOR = YES;
				GCC_WARN_UNINITIALIZED_AUTOS = YES_AGGRESSIVE;
				GCC_WARN_UNUSED_FUNCTION = YES;
				GCC_WARN_UNUSED_VARIABLE = YES;
				IPHONEOS_DEPLOYMENT_TARGET = 15.5;
				MTL_ENABLE_DEBUG_INFO = INCLUDE_SOURCE;
				MTL_FAST_MATH = YES;
				ONLY_ACTIVE_ARCH = YES;
				SDKROOT = iphoneos;
				SWIFT_ACTIVE_COMPILATION_CONDITIONS = DEBUG;
				SWIFT_OPTIMIZATION_LEVEL = "-Onone";
			};
			name = Debug;
		};
		CB655F7528534E2700EBCABA /* Release */ = {
			isa = XCBuildConfiguration;
			buildSettings = {
				ALWAYS_SEARCH_USER_PATHS = NO;
				CLANG_ANALYZER_NONNULL = YES;
				CLANG_ANALYZER_NUMBER_OBJECT_CONVERSION = YES_AGGRESSIVE;
				CLANG_CXX_LANGUAGE_STANDARD = "gnu++17";
				CLANG_ENABLE_MODULES = YES;
				CLANG_ENABLE_OBJC_ARC = YES;
				CLANG_ENABLE_OBJC_WEAK = YES;
				CLANG_WARN_BLOCK_CAPTURE_AUTORELEASING = YES;
				CLANG_WARN_BOOL_CONVERSION = YES;
				CLANG_WARN_COMMA = YES;
				CLANG_WARN_CONSTANT_CONVERSION = YES;
				CLANG_WARN_DEPRECATED_OBJC_IMPLEMENTATIONS = YES;
				CLANG_WARN_DIRECT_OBJC_ISA_USAGE = YES_ERROR;
				CLANG_WARN_DOCUMENTATION_COMMENTS = YES;
				CLANG_WARN_EMPTY_BODY = YES;
				CLANG_WARN_ENUM_CONVERSION = YES;
				CLANG_WARN_INFINITE_RECURSION = YES;
				CLANG_WARN_INT_CONVERSION = YES;
				CLANG_WARN_NON_LITERAL_NULL_CONVERSION = YES;
				CLANG_WARN_OBJC_IMPLICIT_RETAIN_SELF = YES;
				CLANG_WARN_OBJC_LITERAL_CONVERSION = YES;
				CLANG_WARN_OBJC_ROOT_CLASS = YES_ERROR;
				CLANG_WARN_QUOTED_INCLUDE_IN_FRAMEWORK_HEADER = YES;
				CLANG_WARN_RANGE_LOOP_ANALYSIS = YES;
				CLANG_WARN_STRICT_PROTOTYPES = YES;
				CLANG_WARN_SUSPICIOUS_MOVE = YES;
				CLANG_WARN_UNGUARDED_AVAILABILITY = YES_AGGRESSIVE;
				CLANG_WARN_UNREACHABLE_CODE = YES;
				CLANG_WARN__DUPLICATE_METHOD_MATCH = YES;
				COPY_PHASE_STRIP = NO;
				DEBUG_INFORMATION_FORMAT = "dwarf-with-dsym";
				ENABLE_NS_ASSERTIONS = NO;
				ENABLE_STRICT_OBJC_MSGSEND = YES;
				GCC_C_LANGUAGE_STANDARD = gnu11;
				GCC_NO_COMMON_BLOCKS = YES;
				GCC_WARN_64_TO_32_BIT_CONVERSION = YES;
				GCC_WARN_ABOUT_RETURN_TYPE = YES_ERROR;
				GCC_WARN_UNDECLARED_SELECTOR = YES;
				GCC_WARN_UNINITIALIZED_AUTOS = YES_AGGRESSIVE;
				GCC_WARN_UNUSED_FUNCTION = YES;
				GCC_WARN_UNUSED_VARIABLE = YES;
				IPHONEOS_DEPLOYMENT_TARGET = 15.5;
				MTL_ENABLE_DEBUG_INFO = NO;
				MTL_FAST_MATH = YES;
				SDKROOT = iphoneos;
				SWIFT_COMPILATION_MODE = wholemodule;
				SWIFT_OPTIMIZATION_LEVEL = "-O";
				VALIDATE_PRODUCT = YES;
			};
			name = Release;
		};
		CB655F7728534E2700EBCABA /* Debug */ = {
			isa = XCBuildConfiguration;
			buildSettings = {
				ASSETCATALOG_COMPILER_APPICON_NAME = AppIcon;
				ASSETCATALOG_COMPILER_GLOBAL_ACCENT_COLOR_NAME = AccentColor;
				CODE_SIGN_STYLE = Automatic;
				CURRENT_PROJECT_VERSION = 1;
				DEVELOPMENT_TEAM = M3DTZN9V9B;
				GENERATE_INFOPLIST_FILE = YES;
				INFOPLIST_FILE = GeofenceTester/Info.plist;
				INFOPLIST_KEY_UIApplicationSupportsIndirectInputEvents = YES;
				INFOPLIST_KEY_UILaunchStoryboardName = LaunchScreen;
				INFOPLIST_KEY_UIMainStoryboardFile = Main;
				INFOPLIST_KEY_UISupportedInterfaceOrientations_iPad = "UIInterfaceOrientationPortrait UIInterfaceOrientationPortraitUpsideDown UIInterfaceOrientationLandscapeLeft UIInterfaceOrientationLandscapeRight";
				INFOPLIST_KEY_UISupportedInterfaceOrientations_iPhone = "UIInterfaceOrientationPortrait UIInterfaceOrientationLandscapeLeft UIInterfaceOrientationLandscapeRight";
				LD_RUNPATH_SEARCH_PATHS = (
					"$(inherited)",
					"@executable_path/Frameworks",
				);
				MARKETING_VERSION = 1.0;
				PRODUCT_BUNDLE_IDENTIFIER = com.vonbelow.GeofenceTester;
				PRODUCT_NAME = "$(TARGET_NAME)";
				SWIFT_EMIT_LOC_STRINGS = YES;
				SWIFT_VERSION = 5.0;
				TARGETED_DEVICE_FAMILY = "1,2";
			};
			name = Debug;
		};
		CB655F7828534E2700EBCABA /* Release */ = {
			isa = XCBuildConfiguration;
			buildSettings = {
				ASSETCATALOG_COMPILER_APPICON_NAME = AppIcon;
				ASSETCATALOG_COMPILER_GLOBAL_ACCENT_COLOR_NAME = AccentColor;
				CODE_SIGN_STYLE = Automatic;
				CURRENT_PROJECT_VERSION = 1;
				DEVELOPMENT_TEAM = M3DTZN9V9B;
				GENERATE_INFOPLIST_FILE = YES;
				INFOPLIST_FILE = GeofenceTester/Info.plist;
				INFOPLIST_KEY_UIApplicationSupportsIndirectInputEvents = YES;
				INFOPLIST_KEY_UILaunchStoryboardName = LaunchScreen;
				INFOPLIST_KEY_UIMainStoryboardFile = Main;
				INFOPLIST_KEY_UISupportedInterfaceOrientations_iPad = "UIInterfaceOrientationPortrait UIInterfaceOrientationPortraitUpsideDown UIInterfaceOrientationLandscapeLeft UIInterfaceOrientationLandscapeRight";
				INFOPLIST_KEY_UISupportedInterfaceOrientations_iPhone = "UIInterfaceOrientationPortrait UIInterfaceOrientationLandscapeLeft UIInterfaceOrientationLandscapeRight";
				LD_RUNPATH_SEARCH_PATHS = (
					"$(inherited)",
					"@executable_path/Frameworks",
				);
				MARKETING_VERSION = 1.0;
				PRODUCT_BUNDLE_IDENTIFIER = com.vonbelow.GeofenceTester;
				PRODUCT_NAME = "$(TARGET_NAME)";
				SWIFT_EMIT_LOC_STRINGS = YES;
				SWIFT_VERSION = 5.0;
				TARGETED_DEVICE_FAMILY = "1,2";
			};
			name = Release;
		};
/* End XCBuildConfiguration section */

/* Begin XCConfigurationList section */
		CB655F5D28534E2600EBCABA /* Build configuration list for PBXProject "GeofenceTester" */ = {
			isa = XCConfigurationList;
			buildConfigurations = (
				CB655F7428534E2700EBCABA /* Debug */,
				CB655F7528534E2700EBCABA /* Release */,
			);
			defaultConfigurationIsVisible = 0;
			defaultConfigurationName = Release;
		};
		CB655F7628534E2700EBCABA /* Build configuration list for PBXNativeTarget "GeofenceTester" */ = {
			isa = XCConfigurationList;
			buildConfigurations = (
				CB655F7728534E2700EBCABA /* Debug */,
				CB655F7828534E2700EBCABA /* Release */,
			);
			defaultConfigurationIsVisible = 0;
			defaultConfigurationName = Release;
		};
/* End XCConfigurationList section */
	};
	rootObject = CB655F5A28534E2600EBCABA /* Project object */;
}
